// !$*UTF8*$!
{
	archiveVersion = 1;
	classes = {
	};
	objectVersion = 46;
	objects = {

/* Begin PBXBuildFile section */
		1FD557081EAED7FB00E370C4 /* main.swift in Sources */ = {isa = PBXBuildFile; fileRef = 1FD557071EAED7FB00E370C4 /* main.swift */; };
		1FEB07091EB6F8B60072B688 /* Stack.swift in Sources */ = {isa = PBXBuildFile; fileRef = 1FEB07081EB6F8B60072B688 /* Stack.swift */; };
		1FEB070B1EB6F8FA0072B688 /* Transfer.swift in Sources */ = {isa = PBXBuildFile; fileRef = 1FEB070A1EB6F8FA0072B688 /* Transfer.swift */; };
		1FEB070D1EB6F9710072B688 /* Extension.swift in Sources */ = {isa = PBXBuildFile; fileRef = 1FEB070C1EB6F9710072B688 /* Extension.swift */; };
		1FEB070F1EB6FCFB0072B688 /* ErrorManager.swift in Sources */ = {isa = PBXBuildFile; fileRef = 1FEB070E1EB6FCFB0072B688 /* ErrorManager.swift */; };
		1FEB07111EB71FCB0072B688 /* GetInput.swift in Sources */ = {isa = PBXBuildFile; fileRef = 1FEB07101EB71FCB0072B688 /* GetInput.swift */; };
/* End PBXBuildFile section */

/* Begin PBXCopyFilesBuildPhase section */
		1FD557021EAED7FB00E370C4 /* CopyFiles */ = {
			isa = PBXCopyFilesBuildPhase;
			buildActionMask = 2147483647;
			dstPath = /usr/share/man/man1/;
			dstSubfolderSpec = 0;
			files = (
			);
			runOnlyForDeploymentPostprocessing = 1;
		};
/* End PBXCopyFilesBuildPhase section */

/* Begin PBXFileReference section */
		1FD557041EAED7FB00E370C4 /* new_test2 */ = {isa = PBXFileReference; explicitFileType = "compiled.mach-o.executable"; includeInIndex = 0; path = new_test2; sourceTree = BUILT_PRODUCTS_DIR; };
		1FD557071EAED7FB00E370C4 /* main.swift */ = {isa = PBXFileReference; lastKnownFileType = sourcecode.swift; path = main.swift; sourceTree = "<group>"; };
		1FEB07081EB6F8B60072B688 /* Stack.swift */ = {isa = PBXFileReference; fileEncoding = 4; lastKnownFileType = sourcecode.swift; path = Stack.swift; sourceTree = "<group>"; };
		1FEB070A1EB6F8FA0072B688 /* Transfer.swift */ = {isa = PBXFileReference; fileEncoding = 4; lastKnownFileType = sourcecode.swift; path = Transfer.swift; sourceTree = "<group>"; };
		1FEB070C1EB6F9710072B688 /* Extension.swift */ = {isa = PBXFileReference; fileEncoding = 4; lastKnownFileType = sourcecode.swift; path = Extension.swift; sourceTree = "<group>"; };
		1FEB070E1EB6FCFB0072B688 /* ErrorManager.swift */ = {isa = PBXFileReference; fileEncoding = 4; lastKnownFileType = sourcecode.swift; path = ErrorManager.swift; sourceTree = "<group>"; };
		1FEB07101EB71FCB0072B688 /* GetInput.swift */ = {isa = PBXFileReference; fileEncoding = 4; lastKnownFileType = sourcecode.swift; path = GetInput.swift; sourceTree = "<group>"; };
/* End PBXFileReference section */

/* Begin PBXFrameworksBuildPhase section */
		1FD557011EAED7FB00E370C4 /* Frameworks */ = {
			isa = PBXFrameworksBuildPhase;
			buildActionMask = 2147483647;
			files = (
			);
			runOnlyForDeploymentPostprocessing = 0;
		};
/* End PBXFrameworksBuildPhase section */

/* Begin PBXGroup section */
		1FD556FB1EAED7FB00E370C4 = {
			isa = PBXGroup;
			children = (
				1FD557061EAED7FB00E370C4 /* new_test2 */,
				1FD557051EAED7FB00E370C4 /* Products */,
			);
			sourceTree = "<group>";
		};
		1FD557051EAED7FB00E370C4 /* Products */ = {
			isa = PBXGroup;
			children = (
				1FD557041EAED7FB00E370C4 /* new_test2 */,
			);
			name = Products;
			sourceTree = "<group>";
		};
		1FD557061EAED7FB00E370C4 /* new_test2 */ = {
			isa = PBXGroup;
			children = (
				1FD557071EAED7FB00E370C4 /* main.swift */,
				1FEB07081EB6F8B60072B688 /* Stack.swift */,
				1FEB070A1EB6F8FA0072B688 /* Transfer.swift */,
				1FEB070C1EB6F9710072B688 /* Extension.swift */,
				1FEB070E1EB6FCFB0072B688 /* ErrorManager.swift */,
				1FEB07101EB71FCB0072B688 /* GetInput.swift */,
			);
			path = new_test2;
			sourceTree = "<group>";
		};
/* End PBXGroup section */

/* Begin PBXNativeTarget section */
		1FD557031EAED7FB00E370C4 /* new_test2 */ = {
			isa = PBXNativeTarget;
			buildConfigurationList = 1FD5570B1EAED7FB00E370C4 /* Build configuration list for PBXNativeTarget "new_test2" */;
			buildPhases = (
				1FD557001EAED7FB00E370C4 /* Sources */,
				1FD557011EAED7FB00E370C4 /* Frameworks */,
				1FD557021EAED7FB00E370C4 /* CopyFiles */,
			);
			buildRules = (
			);
			dependencies = (
			);
			name = new_test2;
			productName = new_test2;
			productReference = 1FD557041EAED7FB00E370C4 /* new_test2 */;
			productType = "com.apple.product-type.tool";
		};
/* End PBXNativeTarget section */

/* Begin PBXProject section */
		1FD556FC1EAED7FB00E370C4 /* Project object */ = {
			isa = PBXProject;
			attributes = {
				LastSwiftUpdateCheck = 0800;
				LastUpgradeCheck = 0800;
				ORGANIZATIONNAME = Darcy;
				TargetAttributes = {
					1FD557031EAED7FB00E370C4 = {
						CreatedOnToolsVersion = 8.0;
						DevelopmentTeam = 3ABF6JEP26;
						ProvisioningStyle = Automatic;
					};
				};
			};
			buildConfigurationList = 1FD556FF1EAED7FB00E370C4 /* Build configuration list for PBXProject "new_test2" */;
			compatibilityVersion = "Xcode 3.2";
			developmentRegion = English;
			hasScannedForEncodings = 0;
			knownRegions = (
				en,
			);
			mainGroup = 1FD556FB1EAED7FB00E370C4;
			productRefGroup = 1FD557051EAED7FB00E370C4 /* Products */;
			projectDirPath = "";
			projectRoot = "";
			targets = (
				1FD557031EAED7FB00E370C4 /* new_test2 */,
			);
		};
/* End PBXProject section */

/* Begin PBXSourcesBuildPhase section */
		1FD557001EAED7FB00E370C4 /* Sources */ = {
			isa = PBXSourcesBuildPhase;
			buildActionMask = 2147483647;
			files = (
				1FEB07091EB6F8B60072B688 /* Stack.swift in Sources */,
				1FEB07111EB71FCB0072B688 /* GetInput.swift in Sources */,
				1FEB070B1EB6F8FA0072B688 /* Transfer.swift in Sources */,
				1FD557081EAED7FB00E370C4 /* main.swift in Sources */,
				1FEB070D1EB6F9710072B688 /* Extension.swift in Sources */,
				1FEB070F1EB6FCFB0072B688 /* ErrorManager.swift in Sources */,
			);
			runOnlyForDeploymentPostprocessing = 0;
		};
/* End PBXSourcesBuildPhase section */

/* Begin XCBuildConfiguration section */
		1FD557091EAED7FB00E370C4 /* Debug */ = {
			isa = XCBuildConfiguration;
			buildSettings = {
				ALWAYS_SEARCH_USER_PATHS = NO;
				CLANG_ANALYZER_NONNULL = YES;
				CLANG_CXX_LANGUAGE_STANDARD = "gnu++0x";
				CLANG_CXX_LIBRARY = "libc++";
				CLANG_ENABLE_MODULES = YES;
				CLANG_ENABLE_OBJC_ARC = YES;
				CLANG_WARN_BOOL_CONVERSION = YES;
				CLANG_WARN_CONSTANT_CONVERSION = YES;
				CLANG_WARN_DIRECT_OBJC_ISA_USAGE = YES_ERROR;
				CLANG_WARN_DOCUMENTATION_COMMENTS = YES;
				CLANG_WARN_EMPTY_BODY = YES;
				CLANG_WARN_ENUM_CONVERSION = YES;
				CLANG_WARN_INFINITE_RECURSION = YES;
				CLANG_WARN_INT_CONVERSION = YES;
				CLANG_WARN_OBJC_ROOT_CLASS = YES_ERROR;
				CLANG_WARN_SUSPICIOUS_MOVES = YES;
				CLANG_WARN_UNREACHABLE_CODE = YES;
				CLANG_WARN__DUPLICATE_METHOD_MATCH = YES;
				CODE_SIGN_IDENTITY = "-";
				COPY_PHASE_STRIP = NO;
				DEBUG_INFORMATION_FORMAT = dwarf;
				ENABLE_STRICT_OBJC_MSGSEND = YES;
				ENABLE_TESTABILITY = YES;
				GCC_C_LANGUAGE_STANDARD = gnu99;
				GCC_DYNAMIC_NO_PIC = NO;
				GCC_NO_COMMON_BLOCKS = YES;
				GCC_OPTIMIZATION_LEVEL = 0;
				GCC_PREPROCESSOR_DEFINITIONS = (
					"DEBUG=1",
					"$(inherited)",
				);
				GCC_WARN_64_TO_32_BIT_CONVERSION = YES;
				GCC_WARN_ABOUT_RETURN_TYPE = YES_ERROR;
				GCC_WARN_UNDECLARED_SELECTOR = YES;
				GCC_WARN_UNINITIALIZED_AUTOS = YES_AGGRESSIVE;
				GCC_WARN_UNUSED_FUNCTION = YES;
				GCC_WARN_UNUSED_VARIABLE = YES;
				MACOSX_DEPLOYMENT_TARGET = 10.12;
				MTL_ENABLE_DEBUG_INFO = YES;
				ONLY_ACTIVE_ARCH = YES;
				SDKROOT = macosx;
				SWIFT_OPTIMIZATION_LEVEL = "-Onone";
			};
			name = Debug;
		};
		1FD5570A1EAED7FB00E370C4 /* Release */ = {
			isa = XCBuildConfiguration;
			buildSettings = {
				ALWAYS_SEARCH_USER_PATHS = NO;
				CLANG_ANALYZER_NONNULL = YES;
				CLANG_CXX_LANGUAGE_STANDARD = "gnu++0x";
				CLANG_CXX_LIBRARY = "libc++";
				CLANG_ENABLE_MODULES = YES;
				CLANG_ENABLE_OBJC_ARC = YES;
				CLANG_WARN_BOOL_CONVERSION = YES;
				CLANG_WARN_CONSTANT_CONVERSION = YES;
				CLANG_WARN_DIRECT_OBJC_ISA_USAGE = YES_ERROR;
				CLANG_WARN_DOCUMENTATION_COMMENTS = YES;
				CLANG_WARN_EMPTY_BODY = YES;
				CLANG_WARN_ENUM_CONVERSION = YES;
				CLANG_WARN_INFINITE_RECURSION = YES;
				CLANG_WARN_INT_CONVERSION = YES;
				CLANG_WARN_OBJC_ROOT_CLASS = YES_ERROR;
				CLANG_WARN_SUSPICIOUS_MOVES = YES;
				CLANG_WARN_UNREACHABLE_CODE = YES;
				CLANG_WARN__DUPLICATE_METHOD_MATCH = YES;
				CODE_SIGN_IDENTITY = "-";
				COPY_PHASE_STRIP = NO;
				DEBUG_INFORMATION_FORMAT = "dwarf-with-dsym";
				ENABLE_NS_ASSERTIONS = NO;
				ENABLE_STRICT_OBJC_MSGSEND = YES;
				GCC_C_LANGUAGE_STANDARD = gnu99;
				GCC_NO_COMMON_BLOCKS = YES;
				GCC_WARN_64_TO_32_BIT_CONVERSION = YES;
				GCC_WARN_ABOUT_RETURN_TYPE = YES_ERROR;
				GCC_WARN_UNDECLARED_SELECTOR = YES;
				GCC_WARN_UNINITIALIZED_AUTOS = YES_AGGRESSIVE;
				GCC_WARN_UNUSED_FUNCTION = YES;
				GCC_WARN_UNUSED_VARIABLE = YES;
				MACOSX_DEPLOYMENT_TARGET = 10.12;
				MTL_ENABLE_DEBUG_INFO = NO;
				SDKROOT = macosx;
			};
			name = Release;
		};
		1FD5570C1EAED7FB00E370C4 /* Debug */ = {
			isa = XCBuildConfiguration;
			buildSettings = {
				DEVELOPMENT_TEAM = 3ABF6JEP26;
				PRODUCT_NAME = "$(TARGET_NAME)";
				SWIFT_VERSION = 3.0;
			};
			name = Debug;
		};
		1FD5570D1EAED7FB00E370C4 /* Release */ = {
			isa = XCBuildConfiguration;
			buildSettings = {
				DEVELOPMENT_TEAM = 3ABF6JEP26;
				PRODUCT_NAME = "$(TARGET_NAME)";
				SWIFT_VERSION = 3.0;
			};
			name = Release;
		};
/* End XCBuildConfiguration section */

/* Begin XCConfigurationList section */
		1FD556FF1EAED7FB00E370C4 /* Build configuration list for PBXProject "new_test2" */ = {
			isa = XCConfigurationList;
			buildConfigurations = (
				1FD557091EAED7FB00E370C4 /* Debug */,
				1FD5570A1EAED7FB00E370C4 /* Release */,
			);
			defaultConfigurationIsVisible = 0;
			defaultConfigurationName = Release;
		};
		1FD5570B1EAED7FB00E370C4 /* Build configuration list for PBXNativeTarget "new_test2" */ = {
			isa = XCConfigurationList;
			buildConfigurations = (
				1FD5570C1EAED7FB00E370C4 /* Debug */,
				1FD5570D1EAED7FB00E370C4 /* Release */,
			);
			defaultConfigurationIsVisible = 0;
			defaultConfigurationName = Release;
		};
/* End XCConfigurationList section */
	};
	rootObject = 1FD556FC1EAED7FB00E370C4 /* Project object */;
}
